// !$*UTF8*$!
{
	archiveVersion = 1;
	classes = {
	};
	objectVersion = 55;
	objects = {

/* Begin PBXBuildFile section */
		7012C7D1272EE43300CBC54C /* AppDelegate.swift in Sources */ = {isa = PBXBuildFile; fileRef = 7012C7D0272EE43300CBC54C /* AppDelegate.swift */; };
		7012C7D3272EE43300CBC54C /* SceneDelegate.swift in Sources */ = {isa = PBXBuildFile; fileRef = 7012C7D2272EE43300CBC54C /* SceneDelegate.swift */; };
		7012C7D5272EE43300CBC54C /* RecordSoundsViewController.swift in Sources */ = {isa = PBXBuildFile; fileRef = 7012C7D4272EE43300CBC54C /* RecordSoundsViewController.swift */; };
		7012C7D8272EE43300CBC54C /* Main.storyboard in Resources */ = {isa = PBXBuildFile; fileRef = 7012C7D6272EE43300CBC54C /* Main.storyboard */; };
		7012C7DA272EE43400CBC54C /* Assets.xcassets in Resources */ = {isa = PBXBuildFile; fileRef = 7012C7D9272EE43400CBC54C /* Assets.xcassets */; };
		7012C7DD272EE43400CBC54C /* LaunchScreen.storyboard in Resources */ = {isa = PBXBuildFile; fileRef = 7012C7DB272EE43400CBC54C /* LaunchScreen.storyboard */; };
		7012C7E8272EE43400CBC54C /* PitchPerfectTests.swift in Sources */ = {isa = PBXBuildFile; fileRef = 7012C7E7272EE43400CBC54C /* PitchPerfectTests.swift */; };
		7012C7F2272EE43400CBC54C /* PitchPerfectUITests.swift in Sources */ = {isa = PBXBuildFile; fileRef = 7012C7F1272EE43400CBC54C /* PitchPerfectUITests.swift */; };
		7012C7F4272EE43400CBC54C /* PitchPerfectUITestsLaunchTests.swift in Sources */ = {isa = PBXBuildFile; fileRef = 7012C7F3272EE43400CBC54C /* PitchPerfectUITestsLaunchTests.swift */; };
/* End PBXBuildFile section */

/* Begin PBXContainerItemProxy section */
		7012C7E4272EE43400CBC54C /* PBXContainerItemProxy */ = {
			isa = PBXContainerItemProxy;
			containerPortal = 7012C7C5272EE43300CBC54C /* Project object */;
			proxyType = 1;
			remoteGlobalIDString = 7012C7CC272EE43300CBC54C;
			remoteInfo = PitchPerfect;
		};
		7012C7EE272EE43400CBC54C /* PBXContainerItemProxy */ = {
			isa = PBXContainerItemProxy;
			containerPortal = 7012C7C5272EE43300CBC54C /* Project object */;
			proxyType = 1;
			remoteGlobalIDString = 7012C7CC272EE43300CBC54C;
			remoteInfo = PitchPerfect;
		};
/* End PBXContainerItemProxy section */

/* Begin PBXFileReference section */
		7012C7CD272EE43300CBC54C /* PitchPerfect.app */ = {isa = PBXFileReference; explicitFileType = wrapper.application; includeInIndex = 0; path = PitchPerfect.app; sourceTree = BUILT_PRODUCTS_DIR; };
		7012C7D0272EE43300CBC54C /* AppDelegate.swift */ = {isa = PBXFileReference; lastKnownFileType = sourcecode.swift; path = AppDelegate.swift; sourceTree = "<group>"; };
		7012C7D2272EE43300CBC54C /* SceneDelegate.swift */ = {isa = PBXFileReference; lastKnownFileType = sourcecode.swift; path = SceneDelegate.swift; sourceTree = "<group>"; };
		7012C7D4272EE43300CBC54C /* RecordSoundsViewController.swift */ = {isa = PBXFileReference; lastKnownFileType = sourcecode.swift; path = RecordSoundsViewController.swift; sourceTree = "<group>"; };
		7012C7D7272EE43300CBC54C /* Base */ = {isa = PBXFileReference; lastKnownFileType = file.storyboard; name = Base; path = Base.lproj/Main.storyboard; sourceTree = "<group>"; };
		7012C7D9272EE43400CBC54C /* Assets.xcassets */ = {isa = PBXFileReference; lastKnownFileType = folder.assetcatalog; path = Assets.xcassets; sourceTree = "<group>"; };
		7012C7DC272EE43400CBC54C /* Base */ = {isa = PBXFileReference; lastKnownFileType = file.storyboard; name = Base; path = Base.lproj/LaunchScreen.storyboard; sourceTree = "<group>"; };
		7012C7DE272EE43400CBC54C /* Info.plist */ = {isa = PBXFileReference; lastKnownFileType = text.plist.xml; path = Info.plist; sourceTree = "<group>"; };
		7012C7E3272EE43400CBC54C /* PitchPerfectTests.xctest */ = {isa = PBXFileReference; explicitFileType = wrapper.cfbundle; includeInIndex = 0; path = PitchPerfectTests.xctest; sourceTree = BUILT_PRODUCTS_DIR; };
		7012C7E7272EE43400CBC54C /* PitchPerfectTests.swift */ = {isa = PBXFileReference; lastKnownFileType = sourcecode.swift; path = PitchPerfectTests.swift; sourceTree = "<group>"; };
		7012C7ED272EE43400CBC54C /* PitchPerfectUITests.xctest */ = {isa = PBXFileReference; explicitFileType = wrapper.cfbundle; includeInIndex = 0; path = PitchPerfectUITests.xctest; sourceTree = BUILT_PRODUCTS_DIR; };
		7012C7F1272EE43400CBC54C /* PitchPerfectUITests.swift */ = {isa = PBXFileReference; lastKnownFileType = sourcecode.swift; path = PitchPerfectUITests.swift; sourceTree = "<group>"; };
		7012C7F3272EE43400CBC54C /* PitchPerfectUITestsLaunchTests.swift */ = {isa = PBXFileReference; lastKnownFileType = sourcecode.swift; path = PitchPerfectUITestsLaunchTests.swift; sourceTree = "<group>"; };
/* End PBXFileReference section */

/* Begin PBXFrameworksBuildPhase section */
		7012C7CA272EE43300CBC54C /* Frameworks */ = {
			isa = PBXFrameworksBuildPhase;
			buildActionMask = 2147483647;
			files = (
			);
			runOnlyForDeploymentPostprocessing = 0;
		};
		7012C7E0272EE43400CBC54C /* Frameworks */ = {
			isa = PBXFrameworksBuildPhase;
			buildActionMask = 2147483647;
			files = (
			);
			runOnlyForDeploymentPostprocessing = 0;
		};
		7012C7EA272EE43400CBC54C /* Frameworks */ = {
			isa = PBXFrameworksBuildPhase;
			buildActionMask = 2147483647;
			files = (
			);
			runOnlyForDeploymentPostprocessing = 0;
		};
/* End PBXFrameworksBuildPhase section */

/* Begin PBXGroup section */
		7012C7C4272EE43300CBC54C = {
			isa = PBXGroup;
			children = (
				7012C7CF272EE43300CBC54C /* PitchPerfect */,
				7012C7E6272EE43400CBC54C /* PitchPerfectTests */,
				7012C7F0272EE43400CBC54C /* PitchPerfectUITests */,
				7012C7CE272EE43300CBC54C /* Products */,
			);
			sourceTree = "<group>";
		};
		7012C7CE272EE43300CBC54C /* Products */ = {
			isa = PBXGroup;
			children = (
				7012C7CD272EE43300CBC54C /* PitchPerfect.app */,
				7012C7E3272EE43400CBC54C /* PitchPerfectTests.xctest */,
				7012C7ED272EE43400CBC54C /* PitchPerfectUITests.xctest */,
			);
			name = Products;
			sourceTree = "<group>";
		};
		7012C7CF272EE43300CBC54C /* PitchPerfect */ = {
			isa = PBXGroup;
			children = (
				7012C7D0272EE43300CBC54C /* AppDelegate.swift */,
				7012C7D2272EE43300CBC54C /* SceneDelegate.swift */,
				7012C7D4272EE43300CBC54C /* RecordSoundsViewController.swift */,
				7012C7D6272EE43300CBC54C /* Main.storyboard */,
				7012C7D9272EE43400CBC54C /* Assets.xcassets */,
				7012C7DB272EE43400CBC54C /* LaunchScreen.storyboard */,
				7012C7DE272EE43400CBC54C /* Info.plist */,
			);
			path = PitchPerfect;
			sourceTree = "<group>";
		};
		7012C7E6272EE43400CBC54C /* PitchPerfectTests */ = {
			isa = PBXGroup;
			children = (
				7012C7E7272EE43400CBC54C /* PitchPerfectTests.swift */,
			);
			path = PitchPerfectTests;
			sourceTree = "<group>";
		};
		7012C7F0272EE43400CBC54C /* PitchPerfectUITests */ = {
			isa = PBXGroup;
			children = (
				7012C7F1272EE43400CBC54C /* PitchPerfectUITests.swift */,
				7012C7F3272EE43400CBC54C /* PitchPerfectUITestsLaunchTests.swift */,
			);
			path = PitchPerfectUITests;
			sourceTree = "<group>";
		};
/* End PBXGroup section */

/* Begin PBXNativeTarget section */
		7012C7CC272EE43300CBC54C /* PitchPerfect */ = {
			isa = PBXNativeTarget;
			buildConfigurationList = 7012C7F7272EE43400CBC54C /* Build configuration list for PBXNativeTarget "PitchPerfect" */;
			buildPhases = (
				7012C7C9272EE43300CBC54C /* Sources */,
				7012C7CA272EE43300CBC54C /* Frameworks */,
				7012C7CB272EE43300CBC54C /* Resources */,
			);
			buildRules = (
			);
			dependencies = (
			);
			name = PitchPerfect;
			productName = PitchPerfect;
			productReference = 7012C7CD272EE43300CBC54C /* PitchPerfect.app */;
			productType = "com.apple.product-type.application";
		};
		7012C7E2272EE43400CBC54C /* PitchPerfectTests */ = {
			isa = PBXNativeTarget;
			buildConfigurationList = 7012C7FA272EE43400CBC54C /* Build configuration list for PBXNativeTarget "PitchPerfectTests" */;
			buildPhases = (
				7012C7DF272EE43400CBC54C /* Sources */,
				7012C7E0272EE43400CBC54C /* Frameworks */,
				7012C7E1272EE43400CBC54C /* Resources */,
			);
			buildRules = (
			);
			dependencies = (
				7012C7E5272EE43400CBC54C /* PBXTargetDependency */,
			);
			name = PitchPerfectTests;
			productName = PitchPerfectTests;
			productReference = 7012C7E3272EE43400CBC54C /* PitchPerfectTests.xctest */;
			productType = "com.apple.product-type.bundle.unit-test";
		};
		7012C7EC272EE43400CBC54C /* PitchPerfectUITests */ = {
			isa = PBXNativeTarget;
			buildConfigurationList = 7012C7FD272EE43400CBC54C /* Build configuration list for PBXNativeTarget "PitchPerfectUITests" */;
			buildPhases = (
				7012C7E9272EE43400CBC54C /* Sources */,
				7012C7EA272EE43400CBC54C /* Frameworks */,
				7012C7EB272EE43400CBC54C /* Resources */,
			);
			buildRules = (
			);
			dependencies = (
				7012C7EF272EE43400CBC54C /* PBXTargetDependency */,
			);
			name = PitchPerfectUITests;
			productName = PitchPerfectUITests;
			productReference = 7012C7ED272EE43400CBC54C /* PitchPerfectUITests.xctest */;
			productType = "com.apple.product-type.bundle.ui-testing";
		};
/* End PBXNativeTarget section */

/* Begin PBXProject section */
		7012C7C5272EE43300CBC54C /* Project object */ = {
			isa = PBXProject;
			attributes = {
				BuildIndependentTargetsInParallel = 1;
				LastSwiftUpdateCheck = 1310;
				LastUpgradeCheck = 1310;
				TargetAttributes = {
					7012C7CC272EE43300CBC54C = {
						CreatedOnToolsVersion = 13.1;
					};
					7012C7E2272EE43400CBC54C = {
						CreatedOnToolsVersion = 13.1;
						TestTargetID = 7012C7CC272EE43300CBC54C;
					};
					7012C7EC272EE43400CBC54C = {
						CreatedOnToolsVersion = 13.1;
						TestTargetID = 7012C7CC272EE43300CBC54C;
					};
				};
			};
			buildConfigurationList = 7012C7C8272EE43300CBC54C /* Build configuration list for PBXProject "PitchPerfect" */;
			compatibilityVersion = "Xcode 13.0";
			developmentRegion = en;
			hasScannedForEncodings = 0;
			knownRegions = (
				en,
				Base,
			);
			mainGroup = 7012C7C4272EE43300CBC54C;
			productRefGroup = 7012C7CE272EE43300CBC54C /* Products */;
			projectDirPath = "";
			projectRoot = "";
			targets = (
				7012C7CC272EE43300CBC54C /* PitchPerfect */,
				7012C7E2272EE43400CBC54C /* PitchPerfectTests */,
				7012C7EC272EE43400CBC54C /* PitchPerfectUITests */,
			);
		};
/* End PBXProject section */

/* Begin PBXResourcesBuildPhase section */
		7012C7CB272EE43300CBC54C /* Resources */ = {
			isa = PBXResourcesBuildPhase;
			buildActionMask = 2147483647;
			files = (
				7012C7DD272EE43400CBC54C /* LaunchScreen.storyboard in Resources */,
				7012C7DA272EE43400CBC54C /* Assets.xcassets in Resources */,
				7012C7D8272EE43300CBC54C /* Main.storyboard in Resources */,
			);
			runOnlyForDeploymentPostprocessing = 0;
		};
		7012C7E1272EE43400CBC54C /* Resources */ = {
			isa = PBXResourcesBuildPhase;
			buildActionMask = 2147483647;
			files = (
			);
			runOnlyForDeploymentPostprocessing = 0;
		};
		7012C7EB272EE43400CBC54C /* Resources */ = {
			isa = PBXResourcesBuildPhase;
			buildActionMask = 2147483647;
			files = (
			);
			runOnlyForDeploymentPostprocessing = 0;
		};
/* End PBXResourcesBuildPhase section */

/* Begin PBXSourcesBuildPhase section */
		7012C7C9272EE43300CBC54C /* Sources */ = {
			isa = PBXSourcesBuildPhase;
			buildActionMask = 2147483647;
			files = (
				7012C7D5272EE43300CBC54C /* RecordSoundsViewController.swift in Sources */,
				7012C7D1272EE43300CBC54C /* AppDelegate.swift in Sources */,
				7012C7D3272EE43300CBC54C /* SceneDelegate.swift in Sources */,
			);
			runOnlyForDeploymentPostprocessing = 0;
		};
		7012C7DF272EE43400CBC54C /* Sources */ = {
			isa = PBXSourcesBuildPhase;
			buildActionMask = 2147483647;
			files = (
				7012C7E8272EE43400CBC54C /* PitchPerfectTests.swift in Sources */,
			);
			runOnlyForDeploymentPostprocessing = 0;
		};
		7012C7E9272EE43400CBC54C /* Sources */ = {
			isa = PBXSourcesBuildPhase;
			buildActionMask = 2147483647;
			files = (
				7012C7F2272EE43400CBC54C /* PitchPerfectUITests.swift in Sources */,
				7012C7F4272EE43400CBC54C /* PitchPerfectUITestsLaunchTests.swift in Sources */,
			);
			runOnlyForDeploymentPostprocessing = 0;
		};
/* End PBXSourcesBuildPhase section */

/* Begin PBXTargetDependency section */
		7012C7E5272EE43400CBC54C /* PBXTargetDependency */ = {
			isa = PBXTargetDependency;
			target = 7012C7CC272EE43300CBC54C /* PitchPerfect */;
			targetProxy = 7012C7E4272EE43400CBC54C /* PBXContainerItemProxy */;
		};
		7012C7EF272EE43400CBC54C /* PBXTargetDependency */ = {
			isa = PBXTargetDependency;
			target = 7012C7CC272EE43300CBC54C /* PitchPerfect */;
			targetProxy = 7012C7EE272EE43400CBC54C /* PBXContainerItemProxy */;
		};
/* End PBXTargetDependency section */

/* Begin PBXVariantGroup section */
		7012C7D6272EE43300CBC54C /* Main.storyboard */ = {
			isa = PBXVariantGroup;
			children = (
				7012C7D7272EE43300CBC54C /* Base */,
			);
			name = Main.storyboard;
			sourceTree = "<group>";
		};
		7012C7DB272EE43400CBC54C /* LaunchScreen.storyboard */ = {
			isa = PBXVariantGroup;
			children = (
				7012C7DC272EE43400CBC54C /* Base */,
			);
			name = LaunchScreen.storyboard;
			sourceTree = "<group>";
		};
/* End PBXVariantGroup section */

/* Begin XCBuildConfiguration section */
		7012C7F5272EE43400CBC54C /* Debug */ = {
			isa = XCBuildConfiguration;
			buildSettings = {
				ALWAYS_SEARCH_USER_PATHS = NO;
				CLANG_ANALYZER_NONNULL = YES;
				CLANG_ANALYZER_NUMBER_OBJECT_CONVERSION = YES_AGGRESSIVE;
				CLANG_CXX_LANGUAGE_STANDARD = "gnu++17";
				CLANG_CXX_LIBRARY = "libc++";
				CLANG_ENABLE_MODULES = YES;
				CLANG_ENABLE_OBJC_ARC = YES;
				CLANG_ENABLE_OBJC_WEAK = YES;
				CLANG_WARN_BLOCK_CAPTURE_AUTORELEASING = YES;
				CLANG_WARN_BOOL_CONVERSION = YES;
				CLANG_WARN_COMMA = YES;
				CLANG_WARN_CONSTANT_CONVERSION = YES;
				CLANG_WARN_DEPRECATED_OBJC_IMPLEMENTATIONS = YES;
				CLANG_WARN_DIRECT_OBJC_ISA_USAGE = YES_ERROR;
				CLANG_WARN_DOCUMENTATION_COMMENTS = YES;
				CLANG_WARN_EMPTY_BODY = YES;
				CLANG_WARN_ENUM_CONVERSION = YES;
				CLANG_WARN_INFINITE_RECURSION = YES;
				CLANG_WARN_INT_CONVERSION = YES;
				CLANG_WARN_NON_LITERAL_NULL_CONVERSION = YES;
				CLANG_WARN_OBJC_IMPLICIT_RETAIN_SELF = YES;
				CLANG_WARN_OBJC_LITERAL_CONVERSION = YES;
				CLANG_WARN_OBJC_ROOT_CLASS = YES_ERROR;
				CLANG_WARN_QUOTED_INCLUDE_IN_FRAMEWORK_HEADER = YES;
				CLANG_WARN_RANGE_LOOP_ANALYSIS = YES;
				CLANG_WARN_STRICT_PROTOTYPES = YES;
				CLANG_WARN_SUSPICIOUS_MOVE = YES;
				CLANG_WARN_UNGUARDED_AVAILABILITY = YES_AGGRESSIVE;
				CLANG_WARN_UNREACHABLE_CODE = YES;
				CLANG_WARN__DUPLICATE_METHOD_MATCH = YES;
				COPY_PHASE_STRIP = NO;
				DEBUG_INFORMATION_FORMAT = dwarf;
				ENABLE_STRICT_OBJC_MSGSEND = YES;
				ENABLE_TESTABILITY = YES;
				GCC_C_LANGUAGE_STANDARD = gnu11;
				GCC_DYNAMIC_NO_PIC = NO;
				GCC_NO_COMMON_BLOCKS = YES;
				GCC_OPTIMIZATION_LEVEL = 0;
				GCC_PREPROCESSOR_DEFINITIONS = (
					"DEBUG=1",
					"$(inherited)",
				);
				GCC_WARN_64_TO_32_BIT_CONVERSION = YES;
				GCC_WARN_ABOUT_RETURN_TYPE = YES_ERROR;
				GCC_WARN_UNDECLARED_SELECTOR = YES;
				GCC_WARN_UNINITIALIZED_AUTOS = YES_AGGRESSIVE;
				GCC_WARN_UNUSED_FUNCTION = YES;
				GCC_WARN_UNUSED_VARIABLE = YES;
				IPHONEOS_DEPLOYMENT_TARGET = 15.0;
				MTL_ENABLE_DEBUG_INFO = INCLUDE_SOURCE;
				MTL_FAST_MATH = YES;
				ONLY_ACTIVE_ARCH = YES;
				SDKROOT = iphoneos;
				SWIFT_ACTIVE_COMPILATION_CONDITIONS = DEBUG;
				SWIFT_OPTIMIZATION_LEVEL = "-Onone";
			};
			name = Debug;
		};
		7012C7F6272EE43400CBC54C /* Release */ = {
			isa = XCBuildConfiguration;
			buildSettings = {
				ALWAYS_SEARCH_USER_PATHS = NO;
				CLANG_ANALYZER_NONNULL = YES;
				CLANG_ANALYZER_NUMBER_OBJECT_CONVERSION = YES_AGGRESSIVE;
				CLANG_CXX_LANGUAGE_STANDARD = "gnu++17";
				CLANG_CXX_LIBRARY = "libc++";
				CLANG_ENABLE_MODULES = YES;
				CLANG_ENABLE_OBJC_ARC = YES;
				CLANG_ENABLE_OBJC_WEAK = YES;
				CLANG_WARN_BLOCK_CAPTURE_AUTORELEASING = YES;
				CLANG_WARN_BOOL_CONVERSION = YES;
				CLANG_WARN_COMMA = YES;
				CLANG_WARN_CONSTANT_CONVERSION = YES;
				CLANG_WARN_DEPRECATED_OBJC_IMPLEMENTATIONS = YES;
				CLANG_WARN_DIRECT_OBJC_ISA_USAGE = YES_ERROR;
				CLANG_WARN_DOCUMENTATION_COMMENTS = YES;
				CLANG_WARN_EMPTY_BODY = YES;
				CLANG_WARN_ENUM_CONVERSION = YES;
				CLANG_WARN_INFINITE_RECURSION = YES;
				CLANG_WARN_INT_CONVERSION = YES;
				CLANG_WARN_NON_LITERAL_NULL_CONVERSION = YES;
				CLANG_WARN_OBJC_IMPLICIT_RETAIN_SELF = YES;
				CLANG_WARN_OBJC_LITERAL_CONVERSION = YES;
				CLANG_WARN_OBJC_ROOT_CLASS = YES_ERROR;
				CLANG_WARN_QUOTED_INCLUDE_IN_FRAMEWORK_HEADER = YES;
				CLANG_WARN_RANGE_LOOP_ANALYSIS = YES;
				CLANG_WARN_STRICT_PROTOTYPES = YES;
				CLANG_WARN_SUSPICIOUS_MOVE = YES;
				CLANG_WARN_UNGUARDED_AVAILABILITY = YES_AGGRESSIVE;
				CLANG_WARN_UNREACHABLE_CODE = YES;
				CLANG_WARN__DUPLICATE_METHOD_MATCH = YES;
				COPY_PHASE_STRIP = NO;
				DEBUG_INFORMATION_FORMAT = "dwarf-with-dsym";
				ENABLE_NS_ASSERTIONS = NO;
				ENABLE_STRICT_OBJC_MSGSEND = YES;
				GCC_C_LANGUAGE_STANDARD = gnu11;
				GCC_NO_COMMON_BLOCKS = YES;
				GCC_WARN_64_TO_32_BIT_CONVERSION = YES;
				GCC_WARN_ABOUT_RETURN_TYPE = YES_ERROR;
				GCC_WARN_UNDECLARED_SELECTOR = YES;
				GCC_WARN_UNINITIALIZED_AUTOS = YES_AGGRESSIVE;
				GCC_WARN_UNUSED_FUNCTION = YES;
				GCC_WARN_UNUSED_VARIABLE = YES;
				IPHONEOS_DEPLOYMENT_TARGET = 15.0;
				MTL_ENABLE_DEBUG_INFO = NO;
				MTL_FAST_MATH = YES;
				SDKROOT = iphoneos;
				SWIFT_COMPILATION_MODE = wholemodule;
				SWIFT_OPTIMIZATION_LEVEL = "-O";
				VALIDATE_PRODUCT = YES;
			};
			name = Release;
		};
		7012C7F8272EE43400CBC54C /* Debug */ = {
			isa = XCBuildConfiguration;
			buildSettings = {
				ASSETCATALOG_COMPILER_APPICON_NAME = AppIcon;
				ASSETCATALOG_COMPILER_GLOBAL_ACCENT_COLOR_NAME = AccentColor;
				CODE_SIGN_STYLE = Automatic;
				CURRENT_PROJECT_VERSION = 1;
				DEVELOPMENT_TEAM = F5UN3Z7X2P;
				GENERATE_INFOPLIST_FILE = YES;
				INFOPLIST_FILE = PitchPerfect/Info.plist;
				INFOPLIST_KEY_UIApplicationSupportsIndirectInputEvents = YES;
				INFOPLIST_KEY_UILaunchStoryboardName = LaunchScreen;
				INFOPLIST_KEY_UIMainStoryboardFile = Main;
				INFOPLIST_KEY_UISupportedInterfaceOrientations_iPad = "UIInterfaceOrientationPortrait UIInterfaceOrientationPortraitUpsideDown UIInterfaceOrientationLandscapeLeft UIInterfaceOrientationLandscapeRight";
				INFOPLIST_KEY_UISupportedInterfaceOrientations_iPhone = "UIInterfaceOrientationPortrait UIInterfaceOrientationLandscapeLeft UIInterfaceOrientationLandscapeRight";
				LD_RUNPATH_SEARCH_PATHS = (
					"$(inherited)",
					"@executable_path/Frameworks",
				);
				MARKETING_VERSION = 1.0;
				PRODUCT_BUNDLE_IDENTIFIER = com.alec.PitchPerfect;
				PRODUCT_NAME = "$(TARGET_NAME)";
				SWIFT_EMIT_LOC_STRINGS = YES;
				SWIFT_VERSION = 5.0;
				TARGETED_DEVICE_FAMILY = "1,2";
			};
			name = Debug;
		};
		7012C7F9272EE43400CBC54C /* Release */ = {
			isa = XCBuildConfiguration;
			buildSettings = {
				ASSETCATALOG_COMPILER_APPICON_NAME = AppIcon;
				ASSETCATALOG_COMPILER_GLOBAL_ACCENT_COLOR_NAME = AccentColor;
				CODE_SIGN_STYLE = Automatic;
				CURRENT_PROJECT_VERSION = 1;
				DEVELOPMENT_TEAM = F5UN3Z7X2P;
				GENERATE_INFOPLIST_FILE = YES;
				INFOPLIST_FILE = PitchPerfect/Info.plist;
				INFOPLIST_KEY_UIApplicationSupportsIndirectInputEvents = YES;
				INFOPLIST_KEY_UILaunchStoryboardName = LaunchScreen;
				INFOPLIST_KEY_UIMainStoryboardFile = Main;
				INFOPLIST_KEY_UISupportedInterfaceOrientations_iPad = "UIInterfaceOrientationPortrait UIInterfaceOrientationPortraitUpsideDown UIInterfaceOrientationLandscapeLeft UIInterfaceOrientationLandscapeRight";
				INFOPLIST_KEY_UISupportedInterfaceOrientations_iPhone = "UIInterfaceOrientationPortrait UIInterfaceOrientationLandscapeLeft UIInterfaceOrientationLandscapeRight";
				LD_RUNPATH_SEARCH_PATHS = (
					"$(inherited)",
					"@executable_path/Frameworks",
				);
				MARKETING_VERSION = 1.0;
				PRODUCT_BUNDLE_IDENTIFIER = com.alec.PitchPerfect;
				PRODUCT_NAME = "$(TARGET_NAME)";
				SWIFT_EMIT_LOC_STRINGS = YES;
				SWIFT_VERSION = 5.0;
				TARGETED_DEVICE_FAMILY = "1,2";
			};
			name = Release;
		};
		7012C7FB272EE43400CBC54C /* Debug */ = {
			isa = XCBuildConfiguration;
			buildSettings = {
				ALWAYS_EMBED_SWIFT_STANDARD_LIBRARIES = YES;
				BUNDLE_LOADER = "$(TEST_HOST)";
				CODE_SIGN_STYLE = Automatic;
				CURRENT_PROJECT_VERSION = 1;
				DEVELOPMENT_TEAM = F5UN3Z7X2P;
				GENERATE_INFOPLIST_FILE = YES;
				IPHONEOS_DEPLOYMENT_TARGET = 15.0;
				LD_RUNPATH_SEARCH_PATHS = (
					"$(inherited)",
					"@executable_path/Frameworks",
					"@loader_path/Frameworks",
				);
				MARKETING_VERSION = 1.0;
				PRODUCT_BUNDLE_IDENTIFIER = com.alec.PitchPerfectTests;
				PRODUCT_NAME = "$(TARGET_NAME)";
				SWIFT_EMIT_LOC_STRINGS = NO;
				SWIFT_VERSION = 5.0;
				TARGETED_DEVICE_FAMILY = "1,2";
				TEST_HOST = "$(BUILT_PRODUCTS_DIR)/PitchPerfect.app/PitchPerfect";
			};
			name = Debug;
		};
		7012C7FC272EE43400CBC54C /* Release */ = {
			isa = XCBuildConfiguration;
			buildSettings = {
				ALWAYS_EMBED_SWIFT_STANDARD_LIBRARIES = YES;
				BUNDLE_LOADER = "$(TEST_HOST)";
				CODE_SIGN_STYLE = Automatic;
				CURRENT_PROJECT_VERSION = 1;
				DEVELOPMENT_TEAM = F5UN3Z7X2P;
				GENERATE_INFOPLIST_FILE = YES;
				IPHONEOS_DEPLOYMENT_TARGET = 15.0;
				LD_RUNPATH_SEARCH_PATHS = (
					"$(inherited)",
					"@executable_path/Frameworks",
					"@loader_path/Frameworks",
				);
				MARKETING_VERSION = 1.0;
				PRODUCT_BUNDLE_IDENTIFIER = com.alec.PitchPerfectTests;
				PRODUCT_NAME = "$(TARGET_NAME)";
				SWIFT_EMIT_LOC_STRINGS = NO;
				SWIFT_VERSION = 5.0;
				TARGETED_DEVICE_FAMILY = "1,2";
				TEST_HOST = "$(BUILT_PRODUCTS_DIR)/PitchPerfect.app/PitchPerfect";
			};
			name = Release;
		};
		7012C7FE272EE43400CBC54C /* Debug */ = {
			isa = XCBuildConfiguration;
			buildSettings = {
				ALWAYS_EMBED_SWIFT_STANDARD_LIBRARIES = YES;
				CODE_SIGN_STYLE = Automatic;
				CURRENT_PROJECT_VERSION = 1;
				DEVELOPMENT_TEAM = F5UN3Z7X2P;
				GENERATE_INFOPLIST_FILE = YES;
				LD_RUNPATH_SEARCH_PATHS = (
					"$(inherited)",
					"@executable_path/Frameworks",
					"@loader_path/Frameworks",
				);
				MARKETING_VERSION = 1.0;
				PRODUCT_BUNDLE_IDENTIFIER = com.alec.PitchPerfectUITests;
				PRODUCT_NAME = "$(TARGET_NAME)";
				SWIFT_EMIT_LOC_STRINGS = NO;
				SWIFT_VERSION = 5.0;
				TARGETED_DEVICE_FAMILY = "1,2";
				TEST_TARGET_NAME = PitchPerfect;
			};
			name = Debug;
		};
		7012C7FF272EE43400CBC54C /* Release */ = {
			isa = XCBuildConfiguration;
			buildSettings = {
				ALWAYS_EMBED_SWIFT_STANDARD_LIBRARIES = YES;
				CODE_SIGN_STYLE = Automatic;
				CURRENT_PROJECT_VERSION = 1;
				DEVELOPMENT_TEAM = F5UN3Z7X2P;
				GENERATE_INFOPLIST_FILE = YES;
				LD_RUNPATH_SEARCH_PATHS = (
					"$(inherited)",
					"@executable_path/Frameworks",
					"@loader_path/Frameworks",
				);
				MARKETING_VERSION = 1.0;
				PRODUCT_BUNDLE_IDENTIFIER = com.alec.PitchPerfectUITests;
				PRODUCT_NAME = "$(TARGET_NAME)";
				SWIFT_EMIT_LOC_STRINGS = NO;
				SWIFT_VERSION = 5.0;
				TARGETED_DEVICE_FAMILY = "1,2";
				TEST_TARGET_NAME = PitchPerfect;
			};
			name = Release;
		};
/* End XCBuildConfiguration section */

/* Begin XCConfigurationList section */
		7012C7C8272EE43300CBC54C /* Build configuration list for PBXProject "PitchPerfect" */ = {
			isa = XCConfigurationList;
			buildConfigurations = (
				7012C7F5272EE43400CBC54C /* Debug */,
				7012C7F6272EE43400CBC54C /* Release */,
			);
			defaultConfigurationIsVisible = 0;
			defaultConfigurationName = Release;
		};
		7012C7F7272EE43400CBC54C /* Build configuration list for PBXNativeTarget "PitchPerfect" */ = {
			isa = XCConfigurationList;
			buildConfigurations = (
				7012C7F8272EE43400CBC54C /* Debug */,
				7012C7F9272EE43400CBC54C /* Release */,
			);
			defaultConfigurationIsVisible = 0;
			defaultConfigurationName = Release;
		};
		7012C7FA272EE43400CBC54C /* Build configuration list for PBXNativeTarget "PitchPerfectTests" */ = {
			isa = XCConfigurationList;
			buildConfigurations = (
				7012C7FB272EE43400CBC54C /* Debug */,
				7012C7FC272EE43400CBC54C /* Release */,
			);
			defaultConfigurationIsVisible = 0;
			defaultConfigurationName = Release;
		};
		7012C7FD272EE43400CBC54C /* Build configuration list for PBXNativeTarget "PitchPerfectUITests" */ = {
			isa = XCConfigurationList;
			buildConfigurations = (
				7012C7FE272EE43400CBC54C /* Debug */,
				7012C7FF272EE43400CBC54C /* Release */,
			);
			defaultConfigurationIsVisible = 0;
			defaultConfigurationName = Release;
		};
/* End XCConfigurationList section */
	};
	rootObject = 7012C7C5272EE43300CBC54C /* Project object */;
}
